{
  "name": "test",
  "version": "1.0.0",
  "lockfileVersion": 3,
  "requires": true,
  "packages": {
    "": {
      "name": "test",
      "version": "1.0.0",
      "license": "ISC",
      "dependencies": {
        "mp4-remux": "^0.2.1"
      }
    },
    "node_modules/mp4-remux": {
      "version": "0.2.1",
      "resolved": "https://registry.npmjs.org/mp4-remux/-/mp4-remux-0.2.1.tgz",
      "integrity": "sha512-2Klh8zC6yvlgUHEkvyV9eHBKw1QgHxnhzcrLNzOWVxY6Rb/1fWNnkoxSQG3ANU748KmLAaNCtymxpP0Y144cOw==",
      "license": "MIT"
    }
  }
}
